
Microsoft Visual Studio Solution File, Format Version 12.00
# Visual Studio Version 16
VisualStudioVersion = 16.0.810.9
MinimumVisualStudioVersion = 10.0.40219.1
Project("{FAE04EC0-301F-11D3-BF4B-00C04F79EFBC}") = "csprj5.2", "csprj5.2\csprj5.2.csproj", "{B10B0A83-A623-42C3-B263-62D264C10D5C}"
EndProject
Project("{FAE04EC0-301F-11D3-BF4B-00C04F79EFBC}") = "csprjclib", "csprjclib\csprjclib.csproj", "{31147B64-ADF4-4C2D-8789-7F6461F0CF82}"
EndProject
Project("{FAE04EC0-301F-11D3-BF4B-00C04F79EFBC}") = "csworker", "csworker\csworker.csproj", "{6C232DF9-F31C-4581-A1D6-7C5C2479A59B}"
EndProject
Global
	GlobalSection(SolutionConfigurationPlatforms) = preSolution
		Debug|Any CPU = Debug|Any CPU
		Release|Any CPU = Release|Any CPU
	EndGlobalSection
	GlobalSection(ProjectConfigurationPlatforms) = postSolution
		{B10B0A83-A623-42C3-B263-62D264C10D5C}.Debug|Any CPU.ActiveCfg = Debug|Any CPU
		{B10B0A83-A623-42C3-B263-62D264C10D5C}.Debug|Any CPU.Build.0 = Debug|Any CPU
		{B10B0A83-A623-42C3-B263-62D264C10D5C}.Release|Any CPU.ActiveCfg = Release|Any CPU
		{B10B0A83-A623-42C3-B263-62D264C10D5C}.Release|Any CPU.Build.0 = Release|Any CPU
		{31147B64-ADF4-4C2D-8789-7F6461F0CF82}.Debug|Any CPU.ActiveCfg = Debug|Any CPU
		{31147B64-ADF4-4C2D-8789-7F6461F0CF82}.Debug|Any CPU.Build.0 = Debug|Any CPU
		{31147B64-ADF4-4C2D-8789-7F6461F0CF82}.Release|Any CPU.ActiveCfg = Release|Any CPU
		{31147B64-ADF4-4C2D-8789-7F6461F0CF82}.Release|Any CPU.Build.0 = Release|Any CPU
		{03526DCD-9BF3-424E-93D0-7533E7A3B294}.Debug|Any CPU.ActiveCfg = Debug|Any CPU
		{03526DCD-9BF3-424E-93D0-7533E7A3B294}.Debug|Any CPU.Build.0 = Debug|Any CPU
		{03526DCD-9BF3-424E-93D0-7533E7A3B294}.Release|Any CPU.ActiveCfg = Release|Any CPU
		{03526DCD-9BF3-424E-93D0-7533E7A3B294}.Release|Any CPU.Build.0 = Release|Any CPU
		{6C232DF9-F31C-4581-A1D6-7C5C2479A59B}.Debug|Any CPU.ActiveCfg = Debug|Any CPU
		{6C232DF9-F31C-4581-A1D6-7C5C2479A59B}.Debug|Any CPU.Build.0 = Debug|Any CPU
		{6C232DF9-F31C-4581-A1D6-7C5C2479A59B}.Release|Any CPU.ActiveCfg = Release|Any CPU
		{6C232DF9-F31C-4581-A1D6-7C5C2479A59B}.Release|Any CPU.Build.0 = Release|Any CPU
	EndGlobalSection
	GlobalSection(SolutionProperties) = preSolution
		HideSolutionNode = FALSE
	EndGlobalSection
	GlobalSection(ExtensibilityGlobals) = postSolution
		SolutionGuid = {6C022CF2-DAE5-4FDA-8574-FF8CD5690DAC}
	EndGlobalSection
EndGlobal
